
Microsoft Visual Studio Solution File, Format Version 12.00
# Visual Studio Version 17
VisualStudioVersion = 17.1.32210.238
MinimumVisualStudioVersion = 10.0.40219.1
Project("{9A19103F-16F7-4668-BE54-9A1E7A4F7556}") = "BetterER", "src\BetterER\BetterER.csproj", "{1EAC9DBD-DCD6-4E5E-82B8-762A548933F1}"
EndProject
Project("{FAE04EC0-301F-11D3-BF4B-00C04F79EFBC}") = "BetterER.Tests", "BetterER.Tests\BetterER.Tests.csproj", "{0462CA9D-3B27-4EDF-89BD-D44E5158C3FF}"
EndProject
Global
	GlobalSection(SolutionConfigurationPlatforms) = preSolution
		Debug|Any CPU = Debug|Any CPU
		Release|Any CPU = Release|Any CPU
	EndGlobalSection
	GlobalSection(ProjectConfigurationPlatforms) = postSolution
		{1EAC9DBD-DCD6-4E5E-82B8-762A548933F1}.Debug|Any CPU.ActiveCfg = Debug|Any CPU
		{1EAC9DBD-DCD6-4E5E-82B8-762A548933F1}.Debug|Any CPU.Build.0 = Debug|Any CPU
		{1EAC9DBD-DCD6-4E5E-82B8-762A548933F1}.Release|Any CPU.ActiveCfg = Release|Any CPU
		{1EAC9DBD-DCD6-4E5E-82B8-762A548933F1}.Release|Any CPU.Build.0 = Release|Any CPU
		{0462CA9D-3B27-4EDF-89BD-D44E5158C3FF}.Debug|Any CPU.ActiveCfg = Debug|Any CPU
		{0462CA9D-3B27-4EDF-89BD-D44E5158C3FF}.Debug|Any CPU.Build.0 = Debug|Any CPU
		{0462CA9D-3B27-4EDF-89BD-D44E5158C3FF}.Release|Any CPU.ActiveCfg = Release|Any CPU
		{0462CA9D-3B27-4EDF-89BD-D44E5158C3FF}.Release|Any CPU.Build.0 = Release|Any CPU
	EndGlobalSection
	GlobalSection(SolutionProperties) = preSolution
		HideSolutionNode = FALSE
	EndGlobalSection
	GlobalSection(ExtensibilityGlobals) = postSolution
		SolutionGuid = {EBDA2BCA-3AFF-4B6C-9C47-B6B229BEDF50}
	EndGlobalSection
EndGlobal
